
Microsoft Visual Studio Solution File, Format Version 12.00
# Visual Studio Version 16
VisualStudioVersion = 16.0.32126.315
MinimumVisualStudioVersion = 10.0.40219.1
Project("{FAE04EC0-301F-11D3-BF4B-00C04F79EFBC}") = "Huffman Encoding", "Huffman Encoding\Huffman Encoding.csproj", "{49BEF058-A8C2-42FF-B3F3-E83E64140503}"
EndProject
Global
	GlobalSection(SolutionConfigurationPlatforms) = preSolution
		Debug|Any CPU = Debug|Any CPU
		Release|Any CPU = Release|Any CPU
	EndGlobalSection
	GlobalSection(ProjectConfigurationPlatforms) = postSolution
		{49BEF058-A8C2-42FF-B3F3-E83E64140503}.Debug|Any CPU.ActiveCfg = Debug|Any CPU
		{49BEF058-A8C2-42FF-B3F3-E83E64140503}.Debug|Any CPU.Build.0 = Debug|Any CPU
		{49BEF058-A8C2-42FF-B3F3-E83E64140503}.Release|Any CPU.ActiveCfg = Release|Any CPU
		{49BEF058-A8C2-42FF-B3F3-E83E64140503}.Release|Any CPU.Build.0 = Release|Any CPU
	EndGlobalSection
	GlobalSection(SolutionProperties) = preSolution
		HideSolutionNode = FALSE
	EndGlobalSection
	GlobalSection(ExtensibilityGlobals) = postSolution
		SolutionGuid = {5B72E707-4727-4B51-ADA6-5A2DEC868692}
	EndGlobalSection
EndGlobal
